
Microsoft Visual Studio Solution File, Format Version 11.00
# Visual Studio 2010
Project("{FAE04EC0-301F-11D3-BF4B-00C04F79EFBC}") = "DependencySort", "DependencySort\DependencySort.csproj", "{4DEF0B36-CCBD-4E9C-BFFF-EA6A401A68DB}"
EndProject
Global
	GlobalSection(SolutionConfigurationPlatforms) = preSolution
		Debug|Any CPU = Debug|Any CPU
		Release|Any CPU = Release|Any CPU
	EndGlobalSection
	GlobalSection(ProjectConfigurationPlatforms) = postSolution
		{4DEF0B36-CCBD-4E9C-BFFF-EA6A401A68DB}.Debug|Any CPU.ActiveCfg = Debug|Any CPU
		{4DEF0B36-CCBD-4E9C-BFFF-EA6A401A68DB}.Debug|Any CPU.Build.0 = Debug|Any CPU
		{4DEF0B36-CCBD-4E9C-BFFF-EA6A401A68DB}.Release|Any CPU.ActiveCfg = Release|Any CPU
		{4DEF0B36-CCBD-4E9C-BFFF-EA6A401A68DB}.Release|Any CPU.Build.0 = Release|Any CPU
	EndGlobalSection
	GlobalSection(SolutionProperties) = preSolution
		HideSolutionNode = FALSE
	EndGlobalSection
EndGlobal
